
Microsoft Visual Studio Solution File, Format Version 12.00
# Visual Studio Version 16
VisualStudioVersion = 16.0.31019.35
MinimumVisualStudioVersion = 10.0.40219.1
Project("{FAE04EC0-301F-11D3-BF4B-00C04F79EFBC}") = "FactoryMethod-Exemplo1", "FactoryMethod\FactoryMethod-Exemplo1.csproj", "{F6A7EF71-8B31-49AD-AF48-49E337133F0D}"
EndProject
Project("{FAE04EC0-301F-11D3-BF4B-00C04F79EFBC}") = "AbstractFactory-Exemplo1", "AbstractFactory\AbstractFactory-Exemplo1.csproj", "{50C4CF6B-8408-4FA1-A09D-31ADA9F96643}"
EndProject
Project("{FAE04EC0-301F-11D3-BF4B-00C04F79EFBC}") = "Builder-Exemplo1", "Builder\Builder-Exemplo1.csproj", "{F619F8F1-C257-46DA-B534-9421EE3EF7C6}"
EndProject
Project("{2150E333-8FDC-42A3-9474-1A3956D46DE8}") = "Criacional", "Criacional", "{A03CC817-30AE-420C-8191-7E5DECFB52A6}"
EndProject
Project("{2150E333-8FDC-42A3-9474-1A3956D46DE8}") = "Estrutural", "Estrutural", "{AA0316E6-B775-4ABA-A777-E2481B5B81C0}"
EndProject
Project("{FAE04EC0-301F-11D3-BF4B-00C04F79EFBC}") = "Adapter-Exemplo1", "Adapter\Adapter-Exemplo1.csproj", "{D86C7070-E9E0-42E3-8587-F946DD9C0C72}"
EndProject
Project("{FAE04EC0-301F-11D3-BF4B-00C04F79EFBC}") = "Bridge-Exemplo1", "Bridge\Bridge-Exemplo1.csproj", "{C867EC72-2602-4A8B-AB1E-7544865BF9E2}"
EndProject
Project("{2150E333-8FDC-42A3-9474-1A3956D46DE8}") = "Comportamental", "Comportamental", "{F1F7BA96-8498-4FEC-8FE3-F4A9838F3A33}"
EndProject
Project("{FAE04EC0-301F-11D3-BF4B-00C04F79EFBC}") = "ChainOfResponsibility", "ChainOfResponsibility\ChainOfResponsibility.csproj", "{046DCF25-3401-450F-987B-9DEBFC4A6795}"
EndProject
Project("{FAE04EC0-301F-11D3-BF4B-00C04F79EFBC}") = "Singleton", "Singleton\Singleton.csproj", "{31B502D6-5791-4959-AD92-E062BE0C2188}"
EndProject
Project("{FAE04EC0-301F-11D3-BF4B-00C04F79EFBC}") = "FactoryMethod-Exemplo2", "FactoryMethod-Exemplo2\FactoryMethod-Exemplo2.csproj", "{20B01B0E-EF76-44D5-873F-DB6A8CF8EE5D}"
EndProject
Project("{FAE04EC0-301F-11D3-BF4B-00C04F79EFBC}") = "AbstractFactory-Exemplo2", "AbstractFactory-Exemplo2\AbstractFactory-Exemplo2.csproj", "{F91E36D6-3F61-44D6-821E-67D191F5F163}"
EndProject
Project("{FAE04EC0-301F-11D3-BF4B-00C04F79EFBC}") = "Builder-Exemplo2", "Builder-Exemplo2\Builder-Exemplo2.csproj", "{A0C45780-5E22-47CD-94FE-D36D341CC9E3}"
EndProject
Project("{FAE04EC0-301F-11D3-BF4B-00C04F79EFBC}") = "Prototype", "Prototype\Prototype.csproj", "{FF6EB57C-02C5-414D-A952-55CAF3132D12}"
EndProject
Project("{FAE04EC0-301F-11D3-BF4B-00C04F79EFBC}") = "Adapter-Exemplo2", "Adapter-Exemplo2\Adapter-Exemplo2.csproj", "{8A9D45B4-36D1-4AD3-8716-28EBB8AF3983}"
EndProject
Project("{FAE04EC0-301F-11D3-BF4B-00C04F79EFBC}") = "Bridge-Exemplo2", "Bridge-Exemplo2\Bridge-Exemplo2.csproj", "{CEBA3555-971F-4BA4-9FE8-1A4243BC42D5}"
EndProject
Global
	GlobalSection(SolutionConfigurationPlatforms) = preSolution
		Debug|Any CPU = Debug|Any CPU
		Release|Any CPU = Release|Any CPU
	EndGlobalSection
	GlobalSection(ProjectConfigurationPlatforms) = postSolution
		{F6A7EF71-8B31-49AD-AF48-49E337133F0D}.Debug|Any CPU.ActiveCfg = Debug|Any CPU
		{F6A7EF71-8B31-49AD-AF48-49E337133F0D}.Debug|Any CPU.Build.0 = Debug|Any CPU
		{F6A7EF71-8B31-49AD-AF48-49E337133F0D}.Release|Any CPU.ActiveCfg = Release|Any CPU
		{F6A7EF71-8B31-49AD-AF48-49E337133F0D}.Release|Any CPU.Build.0 = Release|Any CPU
		{50C4CF6B-8408-4FA1-A09D-31ADA9F96643}.Debug|Any CPU.ActiveCfg = Debug|Any CPU
		{50C4CF6B-8408-4FA1-A09D-31ADA9F96643}.Debug|Any CPU.Build.0 = Debug|Any CPU
		{50C4CF6B-8408-4FA1-A09D-31ADA9F96643}.Release|Any CPU.ActiveCfg = Release|Any CPU
		{50C4CF6B-8408-4FA1-A09D-31ADA9F96643}.Release|Any CPU.Build.0 = Release|Any CPU
		{F619F8F1-C257-46DA-B534-9421EE3EF7C6}.Debug|Any CPU.ActiveCfg = Debug|Any CPU
		{F619F8F1-C257-46DA-B534-9421EE3EF7C6}.Debug|Any CPU.Build.0 = Debug|Any CPU
		{F619F8F1-C257-46DA-B534-9421EE3EF7C6}.Release|Any CPU.ActiveCfg = Release|Any CPU
		{F619F8F1-C257-46DA-B534-9421EE3EF7C6}.Release|Any CPU.Build.0 = Release|Any CPU
		{D86C7070-E9E0-42E3-8587-F946DD9C0C72}.Debug|Any CPU.ActiveCfg = Debug|Any CPU
		{D86C7070-E9E0-42E3-8587-F946DD9C0C72}.Debug|Any CPU.Build.0 = Debug|Any CPU
		{D86C7070-E9E0-42E3-8587-F946DD9C0C72}.Release|Any CPU.ActiveCfg = Release|Any CPU
		{D86C7070-E9E0-42E3-8587-F946DD9C0C72}.Release|Any CPU.Build.0 = Release|Any CPU
		{C867EC72-2602-4A8B-AB1E-7544865BF9E2}.Debug|Any CPU.ActiveCfg = Debug|Any CPU
		{C867EC72-2602-4A8B-AB1E-7544865BF9E2}.Debug|Any CPU.Build.0 = Debug|Any CPU
		{C867EC72-2602-4A8B-AB1E-7544865BF9E2}.Release|Any CPU.ActiveCfg = Release|Any CPU
		{C867EC72-2602-4A8B-AB1E-7544865BF9E2}.Release|Any CPU.Build.0 = Release|Any CPU
		{046DCF25-3401-450F-987B-9DEBFC4A6795}.Debug|Any CPU.ActiveCfg = Debug|Any CPU
		{046DCF25-3401-450F-987B-9DEBFC4A6795}.Debug|Any CPU.Build.0 = Debug|Any CPU
		{046DCF25-3401-450F-987B-9DEBFC4A6795}.Release|Any CPU.ActiveCfg = Release|Any CPU
		{046DCF25-3401-450F-987B-9DEBFC4A6795}.Release|Any CPU.Build.0 = Release|Any CPU
		{31B502D6-5791-4959-AD92-E062BE0C2188}.Debug|Any CPU.ActiveCfg = Debug|Any CPU
		{31B502D6-5791-4959-AD92-E062BE0C2188}.Debug|Any CPU.Build.0 = Debug|Any CPU
		{31B502D6-5791-4959-AD92-E062BE0C2188}.Release|Any CPU.ActiveCfg = Release|Any CPU
		{31B502D6-5791-4959-AD92-E062BE0C2188}.Release|Any CPU.Build.0 = Release|Any CPU
		{20B01B0E-EF76-44D5-873F-DB6A8CF8EE5D}.Debug|Any CPU.ActiveCfg = Debug|Any CPU
		{20B01B0E-EF76-44D5-873F-DB6A8CF8EE5D}.Debug|Any CPU.Build.0 = Debug|Any CPU
		{20B01B0E-EF76-44D5-873F-DB6A8CF8EE5D}.Release|Any CPU.ActiveCfg = Release|Any CPU
		{20B01B0E-EF76-44D5-873F-DB6A8CF8EE5D}.Release|Any CPU.Build.0 = Release|Any CPU
		{F91E36D6-3F61-44D6-821E-67D191F5F163}.Debug|Any CPU.ActiveCfg = Debug|Any CPU
		{F91E36D6-3F61-44D6-821E-67D191F5F163}.Debug|Any CPU.Build.0 = Debug|Any CPU
		{F91E36D6-3F61-44D6-821E-67D191F5F163}.Release|Any CPU.ActiveCfg = Release|Any CPU
		{F91E36D6-3F61-44D6-821E-67D191F5F163}.Release|Any CPU.Build.0 = Release|Any CPU
		{A0C45780-5E22-47CD-94FE-D36D341CC9E3}.Debug|Any CPU.ActiveCfg = Debug|Any CPU
		{A0C45780-5E22-47CD-94FE-D36D341CC9E3}.Debug|Any CPU.Build.0 = Debug|Any CPU
		{A0C45780-5E22-47CD-94FE-D36D341CC9E3}.Release|Any CPU.ActiveCfg = Release|Any CPU
		{A0C45780-5E22-47CD-94FE-D36D341CC9E3}.Release|Any CPU.Build.0 = Release|Any CPU
		{FF6EB57C-02C5-414D-A952-55CAF3132D12}.Debug|Any CPU.ActiveCfg = Debug|Any CPU
		{FF6EB57C-02C5-414D-A952-55CAF3132D12}.Debug|Any CPU.Build.0 = Debug|Any CPU
		{FF6EB57C-02C5-414D-A952-55CAF3132D12}.Release|Any CPU.ActiveCfg = Release|Any CPU
		{FF6EB57C-02C5-414D-A952-55CAF3132D12}.Release|Any CPU.Build.0 = Release|Any CPU
		{8A9D45B4-36D1-4AD3-8716-28EBB8AF3983}.Debug|Any CPU.ActiveCfg = Debug|Any CPU
		{8A9D45B4-36D1-4AD3-8716-28EBB8AF3983}.Debug|Any CPU.Build.0 = Debug|Any CPU
		{8A9D45B4-36D1-4AD3-8716-28EBB8AF3983}.Release|Any CPU.ActiveCfg = Release|Any CPU
		{8A9D45B4-36D1-4AD3-8716-28EBB8AF3983}.Release|Any CPU.Build.0 = Release|Any CPU
		{CEBA3555-971F-4BA4-9FE8-1A4243BC42D5}.Debug|Any CPU.ActiveCfg = Debug|Any CPU
		{CEBA3555-971F-4BA4-9FE8-1A4243BC42D5}.Debug|Any CPU.Build.0 = Debug|Any CPU
		{CEBA3555-971F-4BA4-9FE8-1A4243BC42D5}.Release|Any CPU.ActiveCfg = Release|Any CPU
		{CEBA3555-971F-4BA4-9FE8-1A4243BC42D5}.Release|Any CPU.Build.0 = Release|Any CPU
	EndGlobalSection
	GlobalSection(SolutionProperties) = preSolution
		HideSolutionNode = FALSE
	EndGlobalSection
	GlobalSection(NestedProjects) = preSolution
		{F6A7EF71-8B31-49AD-AF48-49E337133F0D} = {A03CC817-30AE-420C-8191-7E5DECFB52A6}
		{50C4CF6B-8408-4FA1-A09D-31ADA9F96643} = {A03CC817-30AE-420C-8191-7E5DECFB52A6}
		{F619F8F1-C257-46DA-B534-9421EE3EF7C6} = {A03CC817-30AE-420C-8191-7E5DECFB52A6}
		{D86C7070-E9E0-42E3-8587-F946DD9C0C72} = {AA0316E6-B775-4ABA-A777-E2481B5B81C0}
		{C867EC72-2602-4A8B-AB1E-7544865BF9E2} = {AA0316E6-B775-4ABA-A777-E2481B5B81C0}
		{046DCF25-3401-450F-987B-9DEBFC4A6795} = {F1F7BA96-8498-4FEC-8FE3-F4A9838F3A33}
		{31B502D6-5791-4959-AD92-E062BE0C2188} = {A03CC817-30AE-420C-8191-7E5DECFB52A6}
		{20B01B0E-EF76-44D5-873F-DB6A8CF8EE5D} = {A03CC817-30AE-420C-8191-7E5DECFB52A6}
		{F91E36D6-3F61-44D6-821E-67D191F5F163} = {A03CC817-30AE-420C-8191-7E5DECFB52A6}
		{A0C45780-5E22-47CD-94FE-D36D341CC9E3} = {A03CC817-30AE-420C-8191-7E5DECFB52A6}
		{FF6EB57C-02C5-414D-A952-55CAF3132D12} = {A03CC817-30AE-420C-8191-7E5DECFB52A6}
		{8A9D45B4-36D1-4AD3-8716-28EBB8AF3983} = {AA0316E6-B775-4ABA-A777-E2481B5B81C0}
		{CEBA3555-971F-4BA4-9FE8-1A4243BC42D5} = {AA0316E6-B775-4ABA-A777-E2481B5B81C0}
	EndGlobalSection
	GlobalSection(ExtensibilityGlobals) = postSolution
		SolutionGuid = {725840AB-1D5B-4F44-9EB5-2F23E983F667}
	EndGlobalSection
EndGlobal
